
Microsoft Visual Studio Solution File, Format Version 12.00
# Visual Studio Version 16
VisualStudioVersion = 16.0.31105.61
MinimumVisualStudioVersion = 10.0.40219.1
Project("{FAE04EC0-301F-11D3-BF4B-00C04F79EFBC}") = "DocEasyAPI", "DocEasyAPI\DocEasyAPI.csproj", "{3EFEE228-74D6-40A9-B182-3BD61067D9DF}"
EndProject
Global
	GlobalSection(SolutionConfigurationPlatforms) = preSolution
		Debug|Any CPU = Debug|Any CPU
		Release|Any CPU = Release|Any CPU
	EndGlobalSection
	GlobalSection(ProjectConfigurationPlatforms) = postSolution
		{3EFEE228-74D6-40A9-B182-3BD61067D9DF}.Debug|Any CPU.ActiveCfg = Debug|Any CPU
		{3EFEE228-74D6-40A9-B182-3BD61067D9DF}.Debug|Any CPU.Build.0 = Debug|Any CPU
		{3EFEE228-74D6-40A9-B182-3BD61067D9DF}.Release|Any CPU.ActiveCfg = Release|Any CPU
		{3EFEE228-74D6-40A9-B182-3BD61067D9DF}.Release|Any CPU.Build.0 = Release|Any CPU
	EndGlobalSection
	GlobalSection(SolutionProperties) = preSolution
		HideSolutionNode = FALSE
	EndGlobalSection
	GlobalSection(ExtensibilityGlobals) = postSolution
		SolutionGuid = {97668AF9-E8C0-4B25-8CD7-49D2BB9C56F0}
	EndGlobalSection
EndGlobal
